{
    "name": "@abetwothree/laravel-iconify-api",
    "lockfileVersion": 3,
    "requires": true,
    "packages": {
        "": {
            "name": "@abetwothree/laravel-iconify-api",
            "devDependencies": {
                "@iconify-json/heroicons": "^1.2.2",
                "@iconify-json/mdi": "^1.2.3",
                "@iconify/json": "^2.2.335"
            }
        },
        "node_modules/@iconify-json/heroicons": {
            "version": "1.2.2",
            "resolved": "https://registry.npmjs.org/@iconify-json/heroicons/-/heroicons-1.2.2.tgz",
            "integrity": "sha512-qoW4pXr5kTTL6juEjgTs83OJIwpePu7q1tdtKVEdj+i0zyyVHgg/dd9grsXJQnpTpBt6/VwNjrXBvFjRsKPENg==",
            "dev": true,
            "license": "MIT",
            "dependencies": {
                "@iconify/types": "*"
            }
        },
        "node_modules/@iconify-json/mdi": {
            "version": "1.2.3",
            "resolved": "https://registry.npmjs.org/@iconify-json/mdi/-/mdi-1.2.3.tgz",
            "integrity": "sha512-O3cLwbDOK7NNDf2ihaQOH5F9JglnulNDFV7WprU2dSoZu3h3cWH//h74uQAB87brHmvFVxIOkuBX2sZSzYhScg==",
            "dev": true,
            "license": "Apache-2.0",
            "dependencies": {
                "@iconify/types": "*"
            }
        },
        "node_modules/@iconify/json": {
            "version": "2.2.348",
            "resolved": "https://registry.npmjs.org/@iconify/json/-/json-2.2.348.tgz",
            "integrity": "sha512-rfGlyB/MrZKVIUod6DKH+McF/81rpC8RoqbEXG3BT4AGLV0ZcnxsbtBnfT/921RsOqudUr5PPKRxbO+rs+Sjng==",
            "dev": true,
            "license": "MIT",
            "dependencies": {
                "@iconify/types": "*",
                "pathe": "^1.1.2"
            }
        },
        "node_modules/@iconify/types": {
            "version": "2.0.0",
            "resolved": "https://registry.npmjs.org/@iconify/types/-/types-2.0.0.tgz",
            "integrity": "sha512-+wluvCrRhXrhyOmRDJ3q8mux9JkKy5SJ/v8ol2tu4FVjyYvtEzkc/3pK15ET6RKg4b4w4BmTk1+gsCUhf21Ykg==",
            "dev": true,
            "license": "MIT"
        },
        "node_modules/pathe": {
            "version": "1.1.2",
            "resolved": "https://registry.npmjs.org/pathe/-/pathe-1.1.2.tgz",
            "integrity": "sha512-whLdWMYL2TwI08hn8/ZqAbrVemu0LNaNNJZX73O6qaIdCTfXutsLhMkjdENX0qhsQ9uIimo4/aQOmXkoon2nDQ==",
            "dev": true,
            "license": "MIT"
        }
    }
}
